
Microsoft Visual Studio Solution File, Format Version 12.00
# Visual Studio Version 16
VisualStudioVersion = 16.0.30002.166
MinimumVisualStudioVersion = 10.0.40219.1
Project("{FAE04EC0-301F-11D3-BF4B-00C04F79EFBC}") = "BeeCode.App", "src\BeeCode.App\BeeCode.App.csproj", "{89DAED66-5E2B-4FFE-AD4B-DF29C2FAC8AF}"
EndProject
Project("{FAE04EC0-301F-11D3-BF4B-00C04F79EFBC}") = "BeeCode.Business", "src\BeeCode.Business\BeeCode.Business.csproj", "{A8433A00-710C-460D-AD25-FD3123301A85}"
EndProject
Project("{FAE04EC0-301F-11D3-BF4B-00C04F79EFBC}") = "BeeCode.Data", "src\BeeCode.Data\BeeCode.Data.csproj", "{6A987A1E-D376-49F8-AAF3-1AF1ABFCD9D6}"
EndProject
Global
	GlobalSection(SolutionConfigurationPlatforms) = preSolution
		Debug|Any CPU = Debug|Any CPU
		Release|Any CPU = Release|Any CPU
	EndGlobalSection
	GlobalSection(ProjectConfigurationPlatforms) = postSolution
		{89DAED66-5E2B-4FFE-AD4B-DF29C2FAC8AF}.Debug|Any CPU.ActiveCfg = Debug|Any CPU
		{89DAED66-5E2B-4FFE-AD4B-DF29C2FAC8AF}.Debug|Any CPU.Build.0 = Debug|Any CPU
		{89DAED66-5E2B-4FFE-AD4B-DF29C2FAC8AF}.Release|Any CPU.ActiveCfg = Release|Any CPU
		{89DAED66-5E2B-4FFE-AD4B-DF29C2FAC8AF}.Release|Any CPU.Build.0 = Release|Any CPU
		{A8433A00-710C-460D-AD25-FD3123301A85}.Debug|Any CPU.ActiveCfg = Debug|Any CPU
		{A8433A00-710C-460D-AD25-FD3123301A85}.Debug|Any CPU.Build.0 = Debug|Any CPU
		{A8433A00-710C-460D-AD25-FD3123301A85}.Release|Any CPU.ActiveCfg = Release|Any CPU
		{A8433A00-710C-460D-AD25-FD3123301A85}.Release|Any CPU.Build.0 = Release|Any CPU
		{6A987A1E-D376-49F8-AAF3-1AF1ABFCD9D6}.Debug|Any CPU.ActiveCfg = Debug|Any CPU
		{6A987A1E-D376-49F8-AAF3-1AF1ABFCD9D6}.Debug|Any CPU.Build.0 = Debug|Any CPU
		{6A987A1E-D376-49F8-AAF3-1AF1ABFCD9D6}.Release|Any CPU.ActiveCfg = Release|Any CPU
		{6A987A1E-D376-49F8-AAF3-1AF1ABFCD9D6}.Release|Any CPU.Build.0 = Release|Any CPU
	EndGlobalSection
	GlobalSection(SolutionProperties) = preSolution
		HideSolutionNode = FALSE
	EndGlobalSection
	GlobalSection(ExtensibilityGlobals) = postSolution
		SolutionGuid = {B5D7DEB6-0612-4E3E-9A91-0423CA6C2F12}
	EndGlobalSection
EndGlobal
